
Microsoft Visual Studio Solution File, Format Version 12.00
# Visual Studio Version 17
VisualStudioVersion = 17.9.34622.214
MinimumVisualStudioVersion = 10.0.40219.1
Project("{FAE04EC0-301F-11D3-BF4B-00C04F79EFBC}") = "Sistema", "Sistema.csproj", "{217D5F55-7596-4ED6-B6C1-A744748FC24C}"
EndProject
Global
	GlobalSection(SolutionConfigurationPlatforms) = preSolution
		Debug|Any CPU = Debug|Any CPU
		Release|Any CPU = Release|Any CPU
	EndGlobalSection
	GlobalSection(ProjectConfigurationPlatforms) = postSolution
		{217D5F55-7596-4ED6-B6C1-A744748FC24C}.Debug|Any CPU.ActiveCfg = Debug|Any CPU
		{217D5F55-7596-4ED6-B6C1-A744748FC24C}.Debug|Any CPU.Build.0 = Debug|Any CPU
		{217D5F55-7596-4ED6-B6C1-A744748FC24C}.Release|Any CPU.ActiveCfg = Release|Any CPU
		{217D5F55-7596-4ED6-B6C1-A744748FC24C}.Release|Any CPU.Build.0 = Release|Any CPU
	EndGlobalSection
	GlobalSection(SolutionProperties) = preSolution
		HideSolutionNode = FALSE
	EndGlobalSection
	GlobalSection(ExtensibilityGlobals) = postSolution
		SolutionGuid = {15D907B2-72C1-4838-B6B1-911E818BBD61}
	EndGlobalSection
EndGlobal
