
Microsoft Visual Studio Solution File, Format Version 12.00
# Visual Studio Version 17
VisualStudioVersion = 17.9.34728.123
MinimumVisualStudioVersion = 10.0.40219.1
Project("{FAE04EC0-301F-11D3-BF4B-00C04F79EFBC}") = "Telas", "Telas\Telas.csproj", "{46EE6A46-A2EA-439E-BCAA-703DF0884310}"
EndProject
Project("{FAE04EC0-301F-11D3-BF4B-00C04F79EFBC}") = "CaixaDeFerramentasPerso", "CaixaDeFerramentasPerso\CaixaDeFerramentasPerso.csproj", "{009F8578-42DB-4042-8A4A-72390463BD1F}"
EndProject
Global
	GlobalSection(SolutionConfigurationPlatforms) = preSolution
		Debug|Any CPU = Debug|Any CPU
		Release|Any CPU = Release|Any CPU
	EndGlobalSection
	GlobalSection(ProjectConfigurationPlatforms) = postSolution
		{46EE6A46-A2EA-439E-BCAA-703DF0884310}.Debug|Any CPU.ActiveCfg = Debug|Any CPU
		{46EE6A46-A2EA-439E-BCAA-703DF0884310}.Debug|Any CPU.Build.0 = Debug|Any CPU
		{46EE6A46-A2EA-439E-BCAA-703DF0884310}.Release|Any CPU.ActiveCfg = Release|Any CPU
		{46EE6A46-A2EA-439E-BCAA-703DF0884310}.Release|Any CPU.Build.0 = Release|Any CPU
		{009F8578-42DB-4042-8A4A-72390463BD1F}.Debug|Any CPU.ActiveCfg = Debug|Any CPU
		{009F8578-42DB-4042-8A4A-72390463BD1F}.Debug|Any CPU.Build.0 = Debug|Any CPU
		{009F8578-42DB-4042-8A4A-72390463BD1F}.Release|Any CPU.ActiveCfg = Release|Any CPU
		{009F8578-42DB-4042-8A4A-72390463BD1F}.Release|Any CPU.Build.0 = Release|Any CPU
	EndGlobalSection
	GlobalSection(SolutionProperties) = preSolution
		HideSolutionNode = FALSE
	EndGlobalSection
	GlobalSection(ExtensibilityGlobals) = postSolution
		SolutionGuid = {12F6B4DC-B5CA-4C9C-A63C-1974ABDFE49A}
	EndGlobalSection
EndGlobal
